
Microsoft Visual Studio Solution File, Format Version 12.00
# Visual Studio Version 17
VisualStudioVersion = 17.8.34322.80
MinimumVisualStudioVersion = 10.0.40219.1
Project("{2150E333-8FDC-42A3-9474-1A3956D46DE8}") = "src", "src", "{D77EB187-596C-41A4-AD7B-8EC7FC16F75F}"
EndProject
Project("{2150E333-8FDC-42A3-9474-1A3956D46DE8}") = "Olx", "Olx", "{07A81CC2-9E67-4832-B2A1-15214159AD40}"
EndProject
Project("{2150E333-8FDC-42A3-9474-1A3956D46DE8}") = "Nikoh", "Nikoh", "{13815ECB-7804-4506-894D-9DE4146879E2}"
EndProject
Project("{2150E333-8FDC-42A3-9474-1A3956D46DE8}") = "GameClub", "GameClub", "{E5ABC47D-9F02-4960-8AC9-680FBC0CE8BB}"
EndProject
Project("{2150E333-8FDC-42A3-9474-1A3956D46DE8}") = "Kindergarten", "Kindergarten", "{90354229-EE0C-4667-AFE9-06317ED3D98A}"
EndProject
Project("{9A19103F-16F7-4668-BE54-9A1E7A4F7556}") = "GameClub.API", "src\GameClub\GameClub.API\GameClub.API.csproj", "{D52FA27C-C48E-4DA8-BEB0-C5434D885CF7}"
EndProject
Project("{9A19103F-16F7-4668-BE54-9A1E7A4F7556}") = "GameClub.Domain", "src\GameClub\GameClub.Domain\GameClub.Domain.csproj", "{4930E0B7-BB12-42A7-A35F-A7B0FEF42FCB}"
EndProject
Project("{9A19103F-16F7-4668-BE54-9A1E7A4F7556}") = "GameClub.Application", "src\GameClub\GameClub.Application\GameClub.Application.csproj", "{C3DF9B92-B6BC-4379-94D2-DEC67ACB092C}"
EndProject
Project("{9A19103F-16F7-4668-BE54-9A1E7A4F7556}") = "GameClub.Infrastructure", "src\GameClub\GameClub.Infrastructure\GameClub.Infrastructure.csproj", "{05BA9F3F-A930-4E70-A6C6-D1EBCA12D2A3}"
EndProject
Project("{9A19103F-16F7-4668-BE54-9A1E7A4F7556}") = "Kindergarten.API", "src\Kindergarten\Kindergarten.API\Kindergarten.API.csproj", "{F6BCCA76-61A5-4D10-BFF1-8ED07BDCB477}"
EndProject
Project("{9A19103F-16F7-4668-BE54-9A1E7A4F7556}") = "Kindergarten.Domain", "src\Kindergarten\Kindergarten.Domain\Kindergarten.Domain.csproj", "{5315F247-DB75-49A0-9BD6-5937021C128A}"
EndProject
Project("{9A19103F-16F7-4668-BE54-9A1E7A4F7556}") = "Kindergarten.Application", "src\Kindergarten\Kindergarten.Application\Kindergarten.Application.csproj", "{8DAA6BD9-9559-438B-B987-08F56069E8F8}"
EndProject
Project("{9A19103F-16F7-4668-BE54-9A1E7A4F7556}") = "Kindergarten.Infrastructure", "src\Kindergarten\Kindergarten.Infrastructure\Kindergarten.Infrastructure.csproj", "{277A3140-233D-4B92-8872-D154E61E9642}"
EndProject
Project("{9A19103F-16F7-4668-BE54-9A1E7A4F7556}") = "Nikoh.API", "src\Nikoh\Nikoh.API\Nikoh.API.csproj", "{77AF453E-47B8-4A80-A7F2-A4BF17C1E07B}"
EndProject
Project("{9A19103F-16F7-4668-BE54-9A1E7A4F7556}") = "NIkoh.Domain", "src\Nikoh\NIkoh.Domain\NIkoh.Domain.csproj", "{AAE3DACC-668B-4981-B05B-8A53813873BA}"
EndProject
Project("{9A19103F-16F7-4668-BE54-9A1E7A4F7556}") = "Nikoh.Application", "src\Nikoh\Nikoh.Application\Nikoh.Application.csproj", "{EB05628A-BA4C-4CBE-B8EE-6AE339B2B2A5}"
EndProject
Project("{9A19103F-16F7-4668-BE54-9A1E7A4F7556}") = "Nikoh.Infrastructure", "src\Nikoh\Nikoh.Infrastructure\Nikoh.Infrastructure.csproj", "{BF7AFFC6-1A86-4176-916D-D2E76FEF43E5}"
EndProject
Project("{9A19103F-16F7-4668-BE54-9A1E7A4F7556}") = "Olx.API", "src\Olx\Olx.API\Olx.API.csproj", "{6D0130A3-706A-4A79-A602-BFE7CC169EE0}"
EndProject
Project("{9A19103F-16F7-4668-BE54-9A1E7A4F7556}") = "Olx.Domain", "src\Olx\Olx.Domain\Olx.Domain.csproj", "{B45C03E4-248C-49D0-ADC5-821AF6B6F515}"
EndProject
Project("{9A19103F-16F7-4668-BE54-9A1E7A4F7556}") = "Olx.Application", "src\Olx\Olx.Application\Olx.Application.csproj", "{64CEDB5D-38D4-4A69-9701-FADD535348A4}"
EndProject
Project("{9A19103F-16F7-4668-BE54-9A1E7A4F7556}") = "Olx.Infrastructure", "src\Olx\Olx.Infrastructure\Olx.Infrastructure.csproj", "{E6805DA3-555F-4382-8933-8E054D417243}"
EndProject
Project("{E53339B2-1760-4266-BCC7-CA923CBCF16C}") = "docker-compose", "docker-compose.dcproj", "{F6F3E803-D61B-4821-A49B-CF8FA5F96A63}"
EndProject
Project("{2150E333-8FDC-42A3-9474-1A3956D46DE8}") = "GateWay", "GateWay", "{BE10D8B8-CBF5-44C0-9FB0-E94CAB47128C}"
EndProject
Project("{9A19103F-16F7-4668-BE54-9A1E7A4F7556}") = "Gateway.API", "src\GateWay\Gateway.API\Gateway.API.csproj", "{1F5FFD45-8C5A-4EC9-8067-61B86A54883E}"
EndProject
Project("{2150E333-8FDC-42A3-9474-1A3956D46DE8}") = "Auth", "Auth", "{AA002A5A-8627-4021-99AE-2C8CCA9CA940}"
EndProject
Project("{9A19103F-16F7-4668-BE54-9A1E7A4F7556}") = "JwtService.API", "src\Auth\JwtService.API\JwtService.API.csproj", "{1C97D1DF-D5E0-437D-85C2-422EF69B9028}"
EndProject
Project("{9A19103F-16F7-4668-BE54-9A1E7A4F7556}") = "JwtService.Core", "src\Auth\JwtService.Core\JwtService.Core.csproj", "{E4085803-EDEB-4231-865C-34369B78DC91}"
EndProject
Project("{2150E333-8FDC-42A3-9474-1A3956D46DE8}") = "test", "test", "{02DF8873-8406-4242-B1B8-E8C8CF5DCB49}"
EndProject
Project("{2150E333-8FDC-42A3-9474-1A3956D46DE8}") = "Olx", "Olx", "{5930E734-78D3-4C60-8A83-00320D34E55F}"
EndProject
Project("{2150E333-8FDC-42A3-9474-1A3956D46DE8}") = "Nikoh", "Nikoh", "{8AB96B4D-7BD4-4849-8653-205133575558}"
EndProject
Project("{2150E333-8FDC-42A3-9474-1A3956D46DE8}") = "GameClub", "GameClub", "{32BB1220-CA43-44C7-83A6-A40727C85F9B}"
EndProject
Project("{2150E333-8FDC-42A3-9474-1A3956D46DE8}") = "Auth", "Auth", "{242A8528-BB2E-4736-B0DD-0A144B751271}"
EndProject
Project("{2150E333-8FDC-42A3-9474-1A3956D46DE8}") = "Kindergarten", "Kindergarten", "{98411248-C9CE-49EF-89F0-ED5EEE208A4B}"
EndProject
Project("{FAE04EC0-301F-11D3-BF4B-00C04F79EFBC}") = "GameClub.UnitTest", "test\GameClub\GameClub.UnitTest\GameClub.UnitTest.csproj", "{A027FB2F-4672-4D8B-B57F-3693D5197395}"
EndProject
Global
	GlobalSection(SolutionConfigurationPlatforms) = preSolution
		Debug|Any CPU = Debug|Any CPU
		Release|Any CPU = Release|Any CPU
	EndGlobalSection
	GlobalSection(ProjectConfigurationPlatforms) = postSolution
		{D52FA27C-C48E-4DA8-BEB0-C5434D885CF7}.Debug|Any CPU.ActiveCfg = Debug|Any CPU
		{D52FA27C-C48E-4DA8-BEB0-C5434D885CF7}.Debug|Any CPU.Build.0 = Debug|Any CPU
		{D52FA27C-C48E-4DA8-BEB0-C5434D885CF7}.Release|Any CPU.ActiveCfg = Release|Any CPU
		{D52FA27C-C48E-4DA8-BEB0-C5434D885CF7}.Release|Any CPU.Build.0 = Release|Any CPU
		{4930E0B7-BB12-42A7-A35F-A7B0FEF42FCB}.Debug|Any CPU.ActiveCfg = Debug|Any CPU
		{4930E0B7-BB12-42A7-A35F-A7B0FEF42FCB}.Debug|Any CPU.Build.0 = Debug|Any CPU
		{4930E0B7-BB12-42A7-A35F-A7B0FEF42FCB}.Release|Any CPU.ActiveCfg = Release|Any CPU
		{4930E0B7-BB12-42A7-A35F-A7B0FEF42FCB}.Release|Any CPU.Build.0 = Release|Any CPU
		{C3DF9B92-B6BC-4379-94D2-DEC67ACB092C}.Debug|Any CPU.ActiveCfg = Debug|Any CPU
		{C3DF9B92-B6BC-4379-94D2-DEC67ACB092C}.Debug|Any CPU.Build.0 = Debug|Any CPU
		{C3DF9B92-B6BC-4379-94D2-DEC67ACB092C}.Release|Any CPU.ActiveCfg = Release|Any CPU
		{C3DF9B92-B6BC-4379-94D2-DEC67ACB092C}.Release|Any CPU.Build.0 = Release|Any CPU
		{05BA9F3F-A930-4E70-A6C6-D1EBCA12D2A3}.Debug|Any CPU.ActiveCfg = Debug|Any CPU
		{05BA9F3F-A930-4E70-A6C6-D1EBCA12D2A3}.Debug|Any CPU.Build.0 = Debug|Any CPU
		{05BA9F3F-A930-4E70-A6C6-D1EBCA12D2A3}.Release|Any CPU.ActiveCfg = Release|Any CPU
		{05BA9F3F-A930-4E70-A6C6-D1EBCA12D2A3}.Release|Any CPU.Build.0 = Release|Any CPU
		{F6BCCA76-61A5-4D10-BFF1-8ED07BDCB477}.Debug|Any CPU.ActiveCfg = Debug|Any CPU
		{F6BCCA76-61A5-4D10-BFF1-8ED07BDCB477}.Debug|Any CPU.Build.0 = Debug|Any CPU
		{F6BCCA76-61A5-4D10-BFF1-8ED07BDCB477}.Release|Any CPU.ActiveCfg = Release|Any CPU
		{F6BCCA76-61A5-4D10-BFF1-8ED07BDCB477}.Release|Any CPU.Build.0 = Release|Any CPU
		{5315F247-DB75-49A0-9BD6-5937021C128A}.Debug|Any CPU.ActiveCfg = Debug|Any CPU
		{5315F247-DB75-49A0-9BD6-5937021C128A}.Debug|Any CPU.Build.0 = Debug|Any CPU
		{5315F247-DB75-49A0-9BD6-5937021C128A}.Release|Any CPU.ActiveCfg = Release|Any CPU
		{5315F247-DB75-49A0-9BD6-5937021C128A}.Release|Any CPU.Build.0 = Release|Any CPU
		{8DAA6BD9-9559-438B-B987-08F56069E8F8}.Debug|Any CPU.ActiveCfg = Debug|Any CPU
		{8DAA6BD9-9559-438B-B987-08F56069E8F8}.Debug|Any CPU.Build.0 = Debug|Any CPU
		{8DAA6BD9-9559-438B-B987-08F56069E8F8}.Release|Any CPU.ActiveCfg = Release|Any CPU
		{8DAA6BD9-9559-438B-B987-08F56069E8F8}.Release|Any CPU.Build.0 = Release|Any CPU
		{277A3140-233D-4B92-8872-D154E61E9642}.Debug|Any CPU.ActiveCfg = Debug|Any CPU
		{277A3140-233D-4B92-8872-D154E61E9642}.Debug|Any CPU.Build.0 = Debug|Any CPU
		{277A3140-233D-4B92-8872-D154E61E9642}.Release|Any CPU.ActiveCfg = Release|Any CPU
		{277A3140-233D-4B92-8872-D154E61E9642}.Release|Any CPU.Build.0 = Release|Any CPU
		{77AF453E-47B8-4A80-A7F2-A4BF17C1E07B}.Debug|Any CPU.ActiveCfg = Debug|Any CPU
		{77AF453E-47B8-4A80-A7F2-A4BF17C1E07B}.Debug|Any CPU.Build.0 = Debug|Any CPU
		{77AF453E-47B8-4A80-A7F2-A4BF17C1E07B}.Release|Any CPU.ActiveCfg = Release|Any CPU
		{77AF453E-47B8-4A80-A7F2-A4BF17C1E07B}.Release|Any CPU.Build.0 = Release|Any CPU
		{AAE3DACC-668B-4981-B05B-8A53813873BA}.Debug|Any CPU.ActiveCfg = Debug|Any CPU
		{AAE3DACC-668B-4981-B05B-8A53813873BA}.Debug|Any CPU.Build.0 = Debug|Any CPU
		{AAE3DACC-668B-4981-B05B-8A53813873BA}.Release|Any CPU.ActiveCfg = Release|Any CPU
		{AAE3DACC-668B-4981-B05B-8A53813873BA}.Release|Any CPU.Build.0 = Release|Any CPU
		{EB05628A-BA4C-4CBE-B8EE-6AE339B2B2A5}.Debug|Any CPU.ActiveCfg = Debug|Any CPU
		{EB05628A-BA4C-4CBE-B8EE-6AE339B2B2A5}.Debug|Any CPU.Build.0 = Debug|Any CPU
		{EB05628A-BA4C-4CBE-B8EE-6AE339B2B2A5}.Release|Any CPU.ActiveCfg = Release|Any CPU
		{EB05628A-BA4C-4CBE-B8EE-6AE339B2B2A5}.Release|Any CPU.Build.0 = Release|Any CPU
		{BF7AFFC6-1A86-4176-916D-D2E76FEF43E5}.Debug|Any CPU.ActiveCfg = Debug|Any CPU
		{BF7AFFC6-1A86-4176-916D-D2E76FEF43E5}.Debug|Any CPU.Build.0 = Debug|Any CPU
		{BF7AFFC6-1A86-4176-916D-D2E76FEF43E5}.Release|Any CPU.ActiveCfg = Release|Any CPU
		{BF7AFFC6-1A86-4176-916D-D2E76FEF43E5}.Release|Any CPU.Build.0 = Release|Any CPU
		{6D0130A3-706A-4A79-A602-BFE7CC169EE0}.Debug|Any CPU.ActiveCfg = Debug|Any CPU
		{6D0130A3-706A-4A79-A602-BFE7CC169EE0}.Debug|Any CPU.Build.0 = Debug|Any CPU
		{6D0130A3-706A-4A79-A602-BFE7CC169EE0}.Release|Any CPU.ActiveCfg = Release|Any CPU
		{6D0130A3-706A-4A79-A602-BFE7CC169EE0}.Release|Any CPU.Build.0 = Release|Any CPU
		{B45C03E4-248C-49D0-ADC5-821AF6B6F515}.Debug|Any CPU.ActiveCfg = Debug|Any CPU
		{B45C03E4-248C-49D0-ADC5-821AF6B6F515}.Debug|Any CPU.Build.0 = Debug|Any CPU
		{B45C03E4-248C-49D0-ADC5-821AF6B6F515}.Release|Any CPU.ActiveCfg = Release|Any CPU
		{B45C03E4-248C-49D0-ADC5-821AF6B6F515}.Release|Any CPU.Build.0 = Release|Any CPU
		{64CEDB5D-38D4-4A69-9701-FADD535348A4}.Debug|Any CPU.ActiveCfg = Debug|Any CPU
		{64CEDB5D-38D4-4A69-9701-FADD535348A4}.Debug|Any CPU.Build.0 = Debug|Any CPU
		{64CEDB5D-38D4-4A69-9701-FADD535348A4}.Release|Any CPU.ActiveCfg = Release|Any CPU
		{64CEDB5D-38D4-4A69-9701-FADD535348A4}.Release|Any CPU.Build.0 = Release|Any CPU
		{E6805DA3-555F-4382-8933-8E054D417243}.Debug|Any CPU.ActiveCfg = Debug|Any CPU
		{E6805DA3-555F-4382-8933-8E054D417243}.Debug|Any CPU.Build.0 = Debug|Any CPU
		{E6805DA3-555F-4382-8933-8E054D417243}.Release|Any CPU.ActiveCfg = Release|Any CPU
		{E6805DA3-555F-4382-8933-8E054D417243}.Release|Any CPU.Build.0 = Release|Any CPU
		{F6F3E803-D61B-4821-A49B-CF8FA5F96A63}.Debug|Any CPU.ActiveCfg = Debug|Any CPU
		{F6F3E803-D61B-4821-A49B-CF8FA5F96A63}.Debug|Any CPU.Build.0 = Debug|Any CPU
		{F6F3E803-D61B-4821-A49B-CF8FA5F96A63}.Release|Any CPU.ActiveCfg = Release|Any CPU
		{F6F3E803-D61B-4821-A49B-CF8FA5F96A63}.Release|Any CPU.Build.0 = Release|Any CPU
		{1F5FFD45-8C5A-4EC9-8067-61B86A54883E}.Debug|Any CPU.ActiveCfg = Debug|Any CPU
		{1F5FFD45-8C5A-4EC9-8067-61B86A54883E}.Debug|Any CPU.Build.0 = Debug|Any CPU
		{1F5FFD45-8C5A-4EC9-8067-61B86A54883E}.Release|Any CPU.ActiveCfg = Release|Any CPU
		{1F5FFD45-8C5A-4EC9-8067-61B86A54883E}.Release|Any CPU.Build.0 = Release|Any CPU
		{1C97D1DF-D5E0-437D-85C2-422EF69B9028}.Debug|Any CPU.ActiveCfg = Debug|Any CPU
		{1C97D1DF-D5E0-437D-85C2-422EF69B9028}.Debug|Any CPU.Build.0 = Debug|Any CPU
		{1C97D1DF-D5E0-437D-85C2-422EF69B9028}.Release|Any CPU.ActiveCfg = Release|Any CPU
		{1C97D1DF-D5E0-437D-85C2-422EF69B9028}.Release|Any CPU.Build.0 = Release|Any CPU
		{E4085803-EDEB-4231-865C-34369B78DC91}.Debug|Any CPU.ActiveCfg = Debug|Any CPU
		{E4085803-EDEB-4231-865C-34369B78DC91}.Debug|Any CPU.Build.0 = Debug|Any CPU
		{E4085803-EDEB-4231-865C-34369B78DC91}.Release|Any CPU.ActiveCfg = Release|Any CPU
		{E4085803-EDEB-4231-865C-34369B78DC91}.Release|Any CPU.Build.0 = Release|Any CPU
		{A027FB2F-4672-4D8B-B57F-3693D5197395}.Debug|Any CPU.ActiveCfg = Debug|Any CPU
		{A027FB2F-4672-4D8B-B57F-3693D5197395}.Debug|Any CPU.Build.0 = Debug|Any CPU
		{A027FB2F-4672-4D8B-B57F-3693D5197395}.Release|Any CPU.ActiveCfg = Release|Any CPU
		{A027FB2F-4672-4D8B-B57F-3693D5197395}.Release|Any CPU.Build.0 = Release|Any CPU
	EndGlobalSection
	GlobalSection(SolutionProperties) = preSolution
		HideSolutionNode = FALSE
	EndGlobalSection
	GlobalSection(NestedProjects) = preSolution
		{07A81CC2-9E67-4832-B2A1-15214159AD40} = {D77EB187-596C-41A4-AD7B-8EC7FC16F75F}
		{13815ECB-7804-4506-894D-9DE4146879E2} = {D77EB187-596C-41A4-AD7B-8EC7FC16F75F}
		{E5ABC47D-9F02-4960-8AC9-680FBC0CE8BB} = {D77EB187-596C-41A4-AD7B-8EC7FC16F75F}
		{90354229-EE0C-4667-AFE9-06317ED3D98A} = {D77EB187-596C-41A4-AD7B-8EC7FC16F75F}
		{D52FA27C-C48E-4DA8-BEB0-C5434D885CF7} = {E5ABC47D-9F02-4960-8AC9-680FBC0CE8BB}
		{4930E0B7-BB12-42A7-A35F-A7B0FEF42FCB} = {E5ABC47D-9F02-4960-8AC9-680FBC0CE8BB}
		{C3DF9B92-B6BC-4379-94D2-DEC67ACB092C} = {E5ABC47D-9F02-4960-8AC9-680FBC0CE8BB}
		{05BA9F3F-A930-4E70-A6C6-D1EBCA12D2A3} = {E5ABC47D-9F02-4960-8AC9-680FBC0CE8BB}
		{F6BCCA76-61A5-4D10-BFF1-8ED07BDCB477} = {90354229-EE0C-4667-AFE9-06317ED3D98A}
		{5315F247-DB75-49A0-9BD6-5937021C128A} = {90354229-EE0C-4667-AFE9-06317ED3D98A}
		{8DAA6BD9-9559-438B-B987-08F56069E8F8} = {90354229-EE0C-4667-AFE9-06317ED3D98A}
		{277A3140-233D-4B92-8872-D154E61E9642} = {90354229-EE0C-4667-AFE9-06317ED3D98A}
		{77AF453E-47B8-4A80-A7F2-A4BF17C1E07B} = {13815ECB-7804-4506-894D-9DE4146879E2}
		{AAE3DACC-668B-4981-B05B-8A53813873BA} = {13815ECB-7804-4506-894D-9DE4146879E2}
		{EB05628A-BA4C-4CBE-B8EE-6AE339B2B2A5} = {13815ECB-7804-4506-894D-9DE4146879E2}
		{BF7AFFC6-1A86-4176-916D-D2E76FEF43E5} = {13815ECB-7804-4506-894D-9DE4146879E2}
		{6D0130A3-706A-4A79-A602-BFE7CC169EE0} = {07A81CC2-9E67-4832-B2A1-15214159AD40}
		{B45C03E4-248C-49D0-ADC5-821AF6B6F515} = {07A81CC2-9E67-4832-B2A1-15214159AD40}
		{64CEDB5D-38D4-4A69-9701-FADD535348A4} = {07A81CC2-9E67-4832-B2A1-15214159AD40}
		{E6805DA3-555F-4382-8933-8E054D417243} = {07A81CC2-9E67-4832-B2A1-15214159AD40}
		{BE10D8B8-CBF5-44C0-9FB0-E94CAB47128C} = {D77EB187-596C-41A4-AD7B-8EC7FC16F75F}
		{1F5FFD45-8C5A-4EC9-8067-61B86A54883E} = {BE10D8B8-CBF5-44C0-9FB0-E94CAB47128C}
		{AA002A5A-8627-4021-99AE-2C8CCA9CA940} = {D77EB187-596C-41A4-AD7B-8EC7FC16F75F}
		{1C97D1DF-D5E0-437D-85C2-422EF69B9028} = {AA002A5A-8627-4021-99AE-2C8CCA9CA940}
		{E4085803-EDEB-4231-865C-34369B78DC91} = {AA002A5A-8627-4021-99AE-2C8CCA9CA940}
		{5930E734-78D3-4C60-8A83-00320D34E55F} = {02DF8873-8406-4242-B1B8-E8C8CF5DCB49}
		{8AB96B4D-7BD4-4849-8653-205133575558} = {02DF8873-8406-4242-B1B8-E8C8CF5DCB49}
		{32BB1220-CA43-44C7-83A6-A40727C85F9B} = {02DF8873-8406-4242-B1B8-E8C8CF5DCB49}
		{242A8528-BB2E-4736-B0DD-0A144B751271} = {02DF8873-8406-4242-B1B8-E8C8CF5DCB49}
		{98411248-C9CE-49EF-89F0-ED5EEE208A4B} = {02DF8873-8406-4242-B1B8-E8C8CF5DCB49}
		{A027FB2F-4672-4D8B-B57F-3693D5197395} = {32BB1220-CA43-44C7-83A6-A40727C85F9B}
	EndGlobalSection
	GlobalSection(ExtensibilityGlobals) = postSolution
		SolutionGuid = {A643B9D5-874F-4496-8F69-417E8C301409}
	EndGlobalSection
EndGlobal
